
Microsoft Visual Studio Solution File, Format Version 12.00
# Visual Studio Version 16
VisualStudioVersion = 16.0.29613.14
MinimumVisualStudioVersion = 10.0.40219.1
Project("{FAE04EC0-301F-11D3-BF4B-00C04F79EFBC}") = "GameConsole", "GameConsole\GameConsole.csproj", "{BE4F96F2-CE1B-4C9E-B214-48426BEBDAF0}"
EndProject
Global
	GlobalSection(SolutionConfigurationPlatforms) = preSolution
		Debug|Any CPU = Debug|Any CPU
		Release|Any CPU = Release|Any CPU
	EndGlobalSection
	GlobalSection(ProjectConfigurationPlatforms) = postSolution
		{BE4F96F2-CE1B-4C9E-B214-48426BEBDAF0}.Debug|Any CPU.ActiveCfg = Debug|Any CPU
		{BE4F96F2-CE1B-4C9E-B214-48426BEBDAF0}.Debug|Any CPU.Build.0 = Debug|Any CPU
		{BE4F96F2-CE1B-4C9E-B214-48426BEBDAF0}.Release|Any CPU.ActiveCfg = Release|Any CPU
		{BE4F96F2-CE1B-4C9E-B214-48426BEBDAF0}.Release|Any CPU.Build.0 = Release|Any CPU
	EndGlobalSection
	GlobalSection(SolutionProperties) = preSolution
		HideSolutionNode = FALSE
	EndGlobalSection
	GlobalSection(ExtensibilityGlobals) = postSolution
		SolutionGuid = {21705AE0-4478-4B31-A433-8807B138C057}
	EndGlobalSection
EndGlobal
